
Microsoft Visual Studio Solution File, Format Version 12.00
# Visual Studio Version 17
VisualStudioVersion = 17.4.33213.308
MinimumVisualStudioVersion = 10.0.40219.1
Project("{FAE04EC0-301F-11D3-BF4B-00C04F79EFBC}") = "Bowling-Game", "Bowling-Game\Bowling-Game.csproj", "{C2E45736-C0B6-49E5-84F8-0F6C074B2332}"
EndProject
Global
	GlobalSection(SolutionConfigurationPlatforms) = preSolution
		Debug|Any CPU = Debug|Any CPU
		Release|Any CPU = Release|Any CPU
	EndGlobalSection
	GlobalSection(ProjectConfigurationPlatforms) = postSolution
		{C2E45736-C0B6-49E5-84F8-0F6C074B2332}.Debug|Any CPU.ActiveCfg = Debug|Any CPU
		{C2E45736-C0B6-49E5-84F8-0F6C074B2332}.Debug|Any CPU.Build.0 = Debug|Any CPU
		{C2E45736-C0B6-49E5-84F8-0F6C074B2332}.Release|Any CPU.ActiveCfg = Release|Any CPU
		{C2E45736-C0B6-49E5-84F8-0F6C074B2332}.Release|Any CPU.Build.0 = Release|Any CPU
	EndGlobalSection
	GlobalSection(SolutionProperties) = preSolution
		HideSolutionNode = FALSE
	EndGlobalSection
	GlobalSection(ExtensibilityGlobals) = postSolution
		SolutionGuid = {1918B76E-AEF2-4985-A491-F85F68F77DE2}
	EndGlobalSection
EndGlobal
